// !$*UTF8*$!
{
	archiveVersion = 1;
	classes = {
	};
	objectVersion = 56;
	objects = {

/* Begin PBXBuildFile section */
		EF27383A2B828EFD004CBE2F /* SetGameApp.swift in Sources */ = {isa = PBXBuildFile; fileRef = EF2738392B828EFD004CBE2F /* SetGameApp.swift */; };
		EF27383C2B828EFD004CBE2F /* SetGameView.swift in Sources */ = {isa = PBXBuildFile; fileRef = EF27383B2B828EFD004CBE2F /* SetGameView.swift */; };
		EF27383E2B828EFF004CBE2F /* Assets.xcassets in Resources */ = {isa = PBXBuildFile; fileRef = EF27383D2B828EFF004CBE2F /* Assets.xcassets */; };
		EF2738412B828EFF004CBE2F /* Preview Assets.xcassets in Resources */ = {isa = PBXBuildFile; fileRef = EF2738402B828EFF004CBE2F /* Preview Assets.xcassets */; };
		EF2738482B828F18004CBE2F /* Card.swift in Sources */ = {isa = PBXBuildFile; fileRef = EF2738472B828F18004CBE2F /* Card.swift */; };
		EF27384A2B828F30004CBE2F /* Enums.swift in Sources */ = {isa = PBXBuildFile; fileRef = EF2738492B828F30004CBE2F /* Enums.swift */; };
		EF27384F2B8291D7004CBE2F /* Game.swift in Sources */ = {isa = PBXBuildFile; fileRef = EF27384E2B8291D7004CBE2F /* Game.swift */; };
		EF2738512B8292A2004CBE2F /* ViewModel.swift in Sources */ = {isa = PBXBuildFile; fileRef = EF2738502B8292A2004CBE2F /* ViewModel.swift */; };
		EF2738542B829729004CBE2F /* AspectGrid.swift in Sources */ = {isa = PBXBuildFile; fileRef = EF2738532B829729004CBE2F /* AspectGrid.swift */; };
		EF2738562B82B414004CBE2F /* Diamond.swift in Sources */ = {isa = PBXBuildFile; fileRef = EF2738552B82B414004CBE2F /* Diamond.swift */; };
		EF2738582B82B473004CBE2F /* Squiggle.swift in Sources */ = {isa = PBXBuildFile; fileRef = EF2738572B82B473004CBE2F /* Squiggle.swift */; };
		EF27385A2B82F193004CBE2F /* StripedPattern.swift in Sources */ = {isa = PBXBuildFile; fileRef = EF2738592B82F193004CBE2F /* StripedPattern.swift */; };
/* End PBXBuildFile section */

/* Begin PBXFileReference section */
		EF2738362B828EFD004CBE2F /* SetGame.app */ = {isa = PBXFileReference; explicitFileType = wrapper.application; includeInIndex = 0; path = SetGame.app; sourceTree = BUILT_PRODUCTS_DIR; };
		EF2738392B828EFD004CBE2F /* SetGameApp.swift */ = {isa = PBXFileReference; lastKnownFileType = sourcecode.swift; path = SetGameApp.swift; sourceTree = "<group>"; };
		EF27383B2B828EFD004CBE2F /* SetGameView.swift */ = {isa = PBXFileReference; lastKnownFileType = sourcecode.swift; path = SetGameView.swift; sourceTree = "<group>"; };
		EF27383D2B828EFF004CBE2F /* Assets.xcassets */ = {isa = PBXFileReference; lastKnownFileType = folder.assetcatalog; path = Assets.xcassets; sourceTree = "<group>"; };
		EF2738402B828EFF004CBE2F /* Preview Assets.xcassets */ = {isa = PBXFileReference; lastKnownFileType = folder.assetcatalog; path = "Preview Assets.xcassets"; sourceTree = "<group>"; };
		EF2738472B828F18004CBE2F /* Card.swift */ = {isa = PBXFileReference; lastKnownFileType = sourcecode.swift; path = Card.swift; sourceTree = "<group>"; };
		EF2738492B828F30004CBE2F /* Enums.swift */ = {isa = PBXFileReference; lastKnownFileType = sourcecode.swift; path = Enums.swift; sourceTree = "<group>"; };
		EF27384E2B8291D7004CBE2F /* Game.swift */ = {isa = PBXFileReference; lastKnownFileType = sourcecode.swift; path = Game.swift; sourceTree = "<group>"; };
		EF2738502B8292A2004CBE2F /* ViewModel.swift */ = {isa = PBXFileReference; lastKnownFileType = sourcecode.swift; path = ViewModel.swift; sourceTree = "<group>"; };
		EF2738532B829729004CBE2F /* AspectGrid.swift */ = {isa = PBXFileReference; lastKnownFileType = sourcecode.swift; path = AspectGrid.swift; sourceTree = "<group>"; };
		EF2738552B82B414004CBE2F /* Diamond.swift */ = {isa = PBXFileReference; lastKnownFileType = sourcecode.swift; path = Diamond.swift; sourceTree = "<group>"; };
		EF2738572B82B473004CBE2F /* Squiggle.swift */ = {isa = PBXFileReference; lastKnownFileType = sourcecode.swift; path = Squiggle.swift; sourceTree = "<group>"; };
		EF2738592B82F193004CBE2F /* StripedPattern.swift */ = {isa = PBXFileReference; lastKnownFileType = sourcecode.swift; path = StripedPattern.swift; sourceTree = "<group>"; };
/* End PBXFileReference section */

/* Begin PBXFrameworksBuildPhase section */
		EF2738332B828EFD004CBE2F /* Frameworks */ = {
			isa = PBXFrameworksBuildPhase;
			buildActionMask = 2147483647;
			files = (
			);
			runOnlyForDeploymentPostprocessing = 0;
		};
/* End PBXFrameworksBuildPhase section */

/* Begin PBXGroup section */
		EF27382D2B828EFD004CBE2F = {
			isa = PBXGroup;
			children = (
				EF2738382B828EFD004CBE2F /* SetGame */,
				EF2738372B828EFD004CBE2F /* Products */,
			);
			sourceTree = "<group>";
		};
		EF2738372B828EFD004CBE2F /* Products */ = {
			isa = PBXGroup;
			children = (
				EF2738362B828EFD004CBE2F /* SetGame.app */,
			);
			name = Products;
			sourceTree = "<group>";
		};
		EF2738382B828EFD004CBE2F /* SetGame */ = {
			isa = PBXGroup;
			children = (
				EF2738522B829710004CBE2F /* Views */,
				EF27384B2B82903F004CBE2F /* Models */,
				EF2738392B828EFD004CBE2F /* SetGameApp.swift */,
				EF27383B2B828EFD004CBE2F /* SetGameView.swift */,
				EF27383D2B828EFF004CBE2F /* Assets.xcassets */,
				EF27383F2B828EFF004CBE2F /* Preview Content */,
				EF2738502B8292A2004CBE2F /* ViewModel.swift */,
			);
			path = SetGame;
			sourceTree = "<group>";
		};
		EF27383F2B828EFF004CBE2F /* Preview Content */ = {
			isa = PBXGroup;
			children = (
				EF2738402B828EFF004CBE2F /* Preview Assets.xcassets */,
			);
			path = "Preview Content";
			sourceTree = "<group>";
		};
		EF27384B2B82903F004CBE2F /* Models */ = {
			isa = PBXGroup;
			children = (
				EF2738492B828F30004CBE2F /* Enums.swift */,
				EF2738472B828F18004CBE2F /* Card.swift */,
				EF27384E2B8291D7004CBE2F /* Game.swift */,
			);
			path = Models;
			sourceTree = "<group>";
		};
		EF2738522B829710004CBE2F /* Views */ = {
			isa = PBXGroup;
			children = (
				EF2738532B829729004CBE2F /* AspectGrid.swift */,
				EF2738552B82B414004CBE2F /* Diamond.swift */,
				EF2738572B82B473004CBE2F /* Squiggle.swift */,
				EF2738592B82F193004CBE2F /* StripedPattern.swift */,
			);
			path = Views;
			sourceTree = "<group>";
		};
/* End PBXGroup section */

/* Begin PBXNativeTarget section */
		EF2738352B828EFD004CBE2F /* SetGame */ = {
			isa = PBXNativeTarget;
			buildConfigurationList = EF2738442B828EFF004CBE2F /* Build configuration list for PBXNativeTarget "SetGame" */;
			buildPhases = (
				EF2738322B828EFD004CBE2F /* Sources */,
				EF2738332B828EFD004CBE2F /* Frameworks */,
				EF2738342B828EFD004CBE2F /* Resources */,
			);
			buildRules = (
			);
			dependencies = (
			);
			name = SetGame;
			productName = SetGame;
			productReference = EF2738362B828EFD004CBE2F /* SetGame.app */;
			productType = "com.apple.product-type.application";
		};
/* End PBXNativeTarget section */

/* Begin PBXProject section */
		EF27382E2B828EFD004CBE2F /* Project object */ = {
			isa = PBXProject;
			attributes = {
				BuildIndependentTargetsInParallel = 1;
				LastSwiftUpdateCheck = 1520;
				LastUpgradeCheck = 1520;
				TargetAttributes = {
					EF2738352B828EFD004CBE2F = {
						CreatedOnToolsVersion = 15.2;
					};
				};
			};
			buildConfigurationList = EF2738312B828EFD004CBE2F /* Build configuration list for PBXProject "SetGame" */;
			compatibilityVersion = "Xcode 14.0";
			developmentRegion = en;
			hasScannedForEncodings = 0;
			knownRegions = (
				en,
				Base,
			);
			mainGroup = EF27382D2B828EFD004CBE2F;
			productRefGroup = EF2738372B828EFD004CBE2F /* Products */;
			projectDirPath = "";
			projectRoot = "";
			targets = (
				EF2738352B828EFD004CBE2F /* SetGame */,
			);
		};
/* End PBXProject section */

/* Begin PBXResourcesBuildPhase section */
		EF2738342B828EFD004CBE2F /* Resources */ = {
			isa = PBXResourcesBuildPhase;
			buildActionMask = 2147483647;
			files = (
				EF2738412B828EFF004CBE2F /* Preview Assets.xcassets in Resources */,
				EF27383E2B828EFF004CBE2F /* Assets.xcassets in Resources */,
			);
			runOnlyForDeploymentPostprocessing = 0;
		};
/* End PBXResourcesBuildPhase section */

/* Begin PBXSourcesBuildPhase section */
		EF2738322B828EFD004CBE2F /* Sources */ = {
			isa = PBXSourcesBuildPhase;
			buildActionMask = 2147483647;
			files = (
				EF2738582B82B473004CBE2F /* Squiggle.swift in Sources */,
				EF27383C2B828EFD004CBE2F /* SetGameView.swift in Sources */,
				EF2738542B829729004CBE2F /* AspectGrid.swift in Sources */,
				EF27384F2B8291D7004CBE2F /* Game.swift in Sources */,
				EF27385A2B82F193004CBE2F /* StripedPattern.swift in Sources */,
				EF2738482B828F18004CBE2F /* Card.swift in Sources */,
				EF27384A2B828F30004CBE2F /* Enums.swift in Sources */,
				EF2738562B82B414004CBE2F /* Diamond.swift in Sources */,
				EF27383A2B828EFD004CBE2F /* SetGameApp.swift in Sources */,
				EF2738512B8292A2004CBE2F /* ViewModel.swift in Sources */,
			);
			runOnlyForDeploymentPostprocessing = 0;
		};
/* End PBXSourcesBuildPhase section */

/* Begin XCBuildConfiguration section */
		EF2738422B828EFF004CBE2F /* Debug */ = {
			isa = XCBuildConfiguration;
			buildSettings = {
				ALWAYS_SEARCH_USER_PATHS = NO;
				ASSETCATALOG_COMPILER_GENERATE_SWIFT_ASSET_SYMBOL_EXTENSIONS = YES;
				CLANG_ANALYZER_NONNULL = YES;
				CLANG_ANALYZER_NUMBER_OBJECT_CONVERSION = YES_AGGRESSIVE;
				CLANG_CXX_LANGUAGE_STANDARD = "gnu++20";
				CLANG_ENABLE_MODULES = YES;
				CLANG_ENABLE_OBJC_ARC = YES;
				CLANG_ENABLE_OBJC_WEAK = YES;
				CLANG_WARN_BLOCK_CAPTURE_AUTORELEASING = YES;
				CLANG_WARN_BOOL_CONVERSION = YES;
				CLANG_WARN_COMMA = YES;
				CLANG_WARN_CONSTANT_CONVERSION = YES;
				CLANG_WARN_DEPRECATED_OBJC_IMPLEMENTATIONS = YES;
				CLANG_WARN_DIRECT_OBJC_ISA_USAGE = YES_ERROR;
				CLANG_WARN_DOCUMENTATION_COMMENTS = YES;
				CLANG_WARN_EMPTY_BODY = YES;
				CLANG_WARN_ENUM_CONVERSION = YES;
				CLANG_WARN_INFINITE_RECURSION = YES;
				CLANG_WARN_INT_CONVERSION = YES;
				CLANG_WARN_NON_LITERAL_NULL_CONVERSION = YES;
				CLANG_WARN_OBJC_IMPLICIT_RETAIN_SELF = YES;
				CLANG_WARN_OBJC_LITERAL_CONVERSION = YES;
				CLANG_WARN_OBJC_ROOT_CLASS = YES_ERROR;
				CLANG_WARN_QUOTED_INCLUDE_IN_FRAMEWORK_HEADER = YES;
				CLANG_WARN_RANGE_LOOP_ANALYSIS = YES;
				CLANG_WARN_STRICT_PROTOTYPES = YES;
				CLANG_WARN_SUSPICIOUS_MOVE = YES;
				CLANG_WARN_UNGUARDED_AVAILABILITY = YES_AGGRESSIVE;
				CLANG_WARN_UNREACHABLE_CODE = YES;
				CLANG_WARN__DUPLICATE_METHOD_MATCH = YES;
				COPY_PHASE_STRIP = NO;
				DEBUG_INFORMATION_FORMAT = dwarf;
				ENABLE_STRICT_OBJC_MSGSEND = YES;
				ENABLE_TESTABILITY = YES;
				ENABLE_USER_SCRIPT_SANDBOXING = YES;
				GCC_C_LANGUAGE_STANDARD = gnu17;
				GCC_DYNAMIC_NO_PIC = NO;
				GCC_NO_COMMON_BLOCKS = YES;
				GCC_OPTIMIZATION_LEVEL = 0;
				GCC_PREPROCESSOR_DEFINITIONS = (
					"DEBUG=1",
					"$(inherited)",
				);
				GCC_WARN_64_TO_32_BIT_CONVERSION = YES;
				GCC_WARN_ABOUT_RETURN_TYPE = YES_ERROR;
				GCC_WARN_UNDECLARED_SELECTOR = YES;
				GCC_WARN_UNINITIALIZED_AUTOS = YES_AGGRESSIVE;
				GCC_WARN_UNUSED_FUNCTION = YES;
				GCC_WARN_UNUSED_VARIABLE = YES;
				IPHONEOS_DEPLOYMENT_TARGET = 17.2;
				LOCALIZATION_PREFERS_STRING_CATALOGS = YES;
				MTL_ENABLE_DEBUG_INFO = INCLUDE_SOURCE;
				MTL_FAST_MATH = YES;
				ONLY_ACTIVE_ARCH = YES;
				SDKROOT = iphoneos;
				SWIFT_ACTIVE_COMPILATION_CONDITIONS = "DEBUG $(inherited)";
				SWIFT_OPTIMIZATION_LEVEL = "-Onone";
			};
			name = Debug;
		};
		EF2738432B828EFF004CBE2F /* Release */ = {
			isa = XCBuildConfiguration;
			buildSettings = {
				ALWAYS_SEARCH_USER_PATHS = NO;
				ASSETCATALOG_COMPILER_GENERATE_SWIFT_ASSET_SYMBOL_EXTENSIONS = YES;
				CLANG_ANALYZER_NONNULL = YES;
				CLANG_ANALYZER_NUMBER_OBJECT_CONVERSION = YES_AGGRESSIVE;
				CLANG_CXX_LANGUAGE_STANDARD = "gnu++20";
				CLANG_ENABLE_MODULES = YES;
				CLANG_ENABLE_OBJC_ARC = YES;
				CLANG_ENABLE_OBJC_WEAK = YES;
				CLANG_WARN_BLOCK_CAPTURE_AUTORELEASING = YES;
				CLANG_WARN_BOOL_CONVERSION = YES;
				CLANG_WARN_COMMA = YES;
				CLANG_WARN_CONSTANT_CONVERSION = YES;
				CLANG_WARN_DEPRECATED_OBJC_IMPLEMENTATIONS = YES;
				CLANG_WARN_DIRECT_OBJC_ISA_USAGE = YES_ERROR;
				CLANG_WARN_DOCUMENTATION_COMMENTS = YES;
				CLANG_WARN_EMPTY_BODY = YES;
				CLANG_WARN_ENUM_CONVERSION = YES;
				CLANG_WARN_INFINITE_RECURSION = YES;
				CLANG_WARN_INT_CONVERSION = YES;
				CLANG_WARN_NON_LITERAL_NULL_CONVERSION = YES;
				CLANG_WARN_OBJC_IMPLICIT_RETAIN_SELF = YES;
				CLANG_WARN_OBJC_LITERAL_CONVERSION = YES;
				CLANG_WARN_OBJC_ROOT_CLASS = YES_ERROR;
				CLANG_WARN_QUOTED_INCLUDE_IN_FRAMEWORK_HEADER = YES;
				CLANG_WARN_RANGE_LOOP_ANALYSIS = YES;
				CLANG_WARN_STRICT_PROTOTYPES = YES;
				CLANG_WARN_SUSPICIOUS_MOVE = YES;
				CLANG_WARN_UNGUARDED_AVAILABILITY = YES_AGGRESSIVE;
				CLANG_WARN_UNREACHABLE_CODE = YES;
				CLANG_WARN__DUPLICATE_METHOD_MATCH = YES;
				COPY_PHASE_STRIP = NO;
				DEBUG_INFORMATION_FORMAT = "dwarf-with-dsym";
				ENABLE_NS_ASSERTIONS = NO;
				ENABLE_STRICT_OBJC_MSGSEND = YES;
				ENABLE_USER_SCRIPT_SANDBOXING = YES;
				GCC_C_LANGUAGE_STANDARD = gnu17;
				GCC_NO_COMMON_BLOCKS = YES;
				GCC_WARN_64_TO_32_BIT_CONVERSION = YES;
				GCC_WARN_ABOUT_RETURN_TYPE = YES_ERROR;
				GCC_WARN_UNDECLARED_SELECTOR = YES;
				GCC_WARN_UNINITIALIZED_AUTOS = YES_AGGRESSIVE;
				GCC_WARN_UNUSED_FUNCTION = YES;
				GCC_WARN_UNUSED_VARIABLE = YES;
				IPHONEOS_DEPLOYMENT_TARGET = 17.2;
				LOCALIZATION_PREFERS_STRING_CATALOGS = YES;
				MTL_ENABLE_DEBUG_INFO = NO;
				MTL_FAST_MATH = YES;
				SDKROOT = iphoneos;
				SWIFT_COMPILATION_MODE = wholemodule;
				VALIDATE_PRODUCT = YES;
			};
			name = Release;
		};
		EF2738452B828EFF004CBE2F /* Debug */ = {
			isa = XCBuildConfiguration;
			buildSettings = {
				ASSETCATALOG_COMPILER_APPICON_NAME = AppIcon;
				ASSETCATALOG_COMPILER_GLOBAL_ACCENT_COLOR_NAME = AccentColor;
				CODE_SIGN_STYLE = Automatic;
				CURRENT_PROJECT_VERSION = 1;
				DEVELOPMENT_ASSET_PATHS = "\"SetGame/Preview Content\"";
				DEVELOPMENT_TEAM = DP7CA5HH9V;
				ENABLE_PREVIEWS = YES;
				GENERATE_INFOPLIST_FILE = YES;
				INFOPLIST_KEY_UIApplicationSceneManifest_Generation = YES;
				INFOPLIST_KEY_UIApplicationSupportsIndirectInputEvents = YES;
				INFOPLIST_KEY_UILaunchScreen_Generation = YES;
				INFOPLIST_KEY_UISupportedInterfaceOrientations_iPad = "UIInterfaceOrientationPortrait UIInterfaceOrientationPortraitUpsideDown UIInterfaceOrientationLandscapeLeft UIInterfaceOrientationLandscapeRight";
				INFOPLIST_KEY_UISupportedInterfaceOrientations_iPhone = "UIInterfaceOrientationPortrait UIInterfaceOrientationLandscapeLeft UIInterfaceOrientationLandscapeRight";
				LD_RUNPATH_SEARCH_PATHS = (
					"$(inherited)",
					"@executable_path/Frameworks",
				);
				MARKETING_VERSION = 1.0;
				PRODUCT_BUNDLE_IDENTIFIER = edu.vanderbilt.zachtao.SetGame;
				PRODUCT_NAME = "$(TARGET_NAME)";
				SWIFT_EMIT_LOC_STRINGS = YES;
				SWIFT_VERSION = 5.0;
				TARGETED_DEVICE_FAMILY = "1,2";
			};
			name = Debug;
		};
		EF2738462B828EFF004CBE2F /* Release */ = {
			isa = XCBuildConfiguration;
			buildSettings = {
				ASSETCATALOG_COMPILER_APPICON_NAME = AppIcon;
				ASSETCATALOG_COMPILER_GLOBAL_ACCENT_COLOR_NAME = AccentColor;
				CODE_SIGN_STYLE = Automatic;
				CURRENT_PROJECT_VERSION = 1;
				DEVELOPMENT_ASSET_PATHS = "\"SetGame/Preview Content\"";
				DEVELOPMENT_TEAM = DP7CA5HH9V;
				ENABLE_PREVIEWS = YES;
				GENERATE_INFOPLIST_FILE = YES;
				INFOPLIST_KEY_UIApplicationSceneManifest_Generation = YES;
				INFOPLIST_KEY_UIApplicationSupportsIndirectInputEvents = YES;
				INFOPLIST_KEY_UILaunchScreen_Generation = YES;
				INFOPLIST_KEY_UISupportedInterfaceOrientations_iPad = "UIInterfaceOrientationPortrait UIInterfaceOrientationPortraitUpsideDown UIInterfaceOrientationLandscapeLeft UIInterfaceOrientationLandscapeRight";
				INFOPLIST_KEY_UISupportedInterfaceOrientations_iPhone = "UIInterfaceOrientationPortrait UIInterfaceOrientationLandscapeLeft UIInterfaceOrientationLandscapeRight";
				LD_RUNPATH_SEARCH_PATHS = (
					"$(inherited)",
					"@executable_path/Frameworks",
				);
				MARKETING_VERSION = 1.0;
				PRODUCT_BUNDLE_IDENTIFIER = edu.vanderbilt.zachtao.SetGame;
				PRODUCT_NAME = "$(TARGET_NAME)";
				SWIFT_EMIT_LOC_STRINGS = YES;
				SWIFT_VERSION = 5.0;
				TARGETED_DEVICE_FAMILY = "1,2";
			};
			name = Release;
		};
/* End XCBuildConfiguration section */

/* Begin XCConfigurationList section */
		EF2738312B828EFD004CBE2F /* Build configuration list for PBXProject "SetGame" */ = {
			isa = XCConfigurationList;
			buildConfigurations = (
				EF2738422B828EFF004CBE2F /* Debug */,
				EF2738432B828EFF004CBE2F /* Release */,
			);
			defaultConfigurationIsVisible = 0;
			defaultConfigurationName = Release;
		};
		EF2738442B828EFF004CBE2F /* Build configuration list for PBXNativeTarget "SetGame" */ = {
			isa = XCConfigurationList;
			buildConfigurations = (
				EF2738452B828EFF004CBE2F /* Debug */,
				EF2738462B828EFF004CBE2F /* Release */,
			);
			defaultConfigurationIsVisible = 0;
			defaultConfigurationName = Release;
		};
/* End XCConfigurationList section */
	};
	rootObject = EF27382E2B828EFD004CBE2F /* Project object */;
}
